
Microsoft Visual Studio Solution File, Format Version 12.00
# Visual Studio Version 17
VisualStudioVersion = 17.0.31903.59
MinimumVisualStudioVersion = 10.0.40219.1
Project("{9A19103F-16F7-4668-BE54-9A1E7A4F7556}") = "Day01_1", "Day01_1\Day01_1.csproj", "{FB023793-7ABD-40A8-B0B0-117AB3486017}"
EndProject
Project("{9A19103F-16F7-4668-BE54-9A1E7A4F7556}") = "Day01_2", "Day01_2\Day01_2.csproj", "{2EDD084E-58F6-48A4-B287-37D2BFF6C188}"
EndProject
Global
	GlobalSection(SolutionConfigurationPlatforms) = preSolution
		Debug|Any CPU = Debug|Any CPU
		Release|Any CPU = Release|Any CPU
	EndGlobalSection
	GlobalSection(ProjectConfigurationPlatforms) = postSolution
		{FB023793-7ABD-40A8-B0B0-117AB3486017}.Debug|Any CPU.ActiveCfg = Debug|Any CPU
		{FB023793-7ABD-40A8-B0B0-117AB3486017}.Debug|Any CPU.Build.0 = Debug|Any CPU
		{FB023793-7ABD-40A8-B0B0-117AB3486017}.Release|Any CPU.ActiveCfg = Release|Any CPU
		{FB023793-7ABD-40A8-B0B0-117AB3486017}.Release|Any CPU.Build.0 = Release|Any CPU
		{2EDD084E-58F6-48A4-B287-37D2BFF6C188}.Debug|Any CPU.ActiveCfg = Debug|Any CPU
		{2EDD084E-58F6-48A4-B287-37D2BFF6C188}.Debug|Any CPU.Build.0 = Debug|Any CPU
		{2EDD084E-58F6-48A4-B287-37D2BFF6C188}.Release|Any CPU.ActiveCfg = Release|Any CPU
		{2EDD084E-58F6-48A4-B287-37D2BFF6C188}.Release|Any CPU.Build.0 = Release|Any CPU
	EndGlobalSection
	GlobalSection(SolutionProperties) = preSolution
		HideSolutionNode = FALSE
	EndGlobalSection
	GlobalSection(ExtensibilityGlobals) = postSolution
		SolutionGuid = {82121B8C-E197-4796-AC19-F1704DDF3668}
	EndGlobalSection
EndGlobal
