
Microsoft Visual Studio Solution File, Format Version 12.00
# Visual Studio Version 17
VisualStudioVersion = 17.0.31903.59
MinimumVisualStudioVersion = 10.0.40219.1
Project("{9A19103F-16F7-4668-BE54-9A1E7A4F7556}") = "Day01_1", "Day01_1\Day01_1.csproj", "{FB023793-7ABD-40A8-B0B0-117AB3486017}"
EndProject
Project("{9A19103F-16F7-4668-BE54-9A1E7A4F7556}") = "Day01_2", "Day01_2\Day01_2.csproj", "{2EDD084E-58F6-48A4-B287-37D2BFF6C188}"
EndProject
Project("{9A19103F-16F7-4668-BE54-9A1E7A4F7556}") = "Day02_1", "Day02_1\Day02_1.csproj", "{B114ED6D-A422-4A8E-B531-C9C1332EAE13}"
EndProject
Project("{9A19103F-16F7-4668-BE54-9A1E7A4F7556}") = "Day02_2", "Day02_2\Day02_2.csproj", "{30559F52-35D0-4D7B-BD4C-81A211BD96FA}"
EndProject
Project("{9A19103F-16F7-4668-BE54-9A1E7A4F7556}") = "Day03_1", "Day03_1\Day03_1.csproj", "{C15FE856-0CCB-4C62-9D5B-09E25896A677}"
EndProject
Project("{9A19103F-16F7-4668-BE54-9A1E7A4F7556}") = "Day03_2", "Day03_2\Day03_2.csproj", "{071B2F05-E60C-42F6-8B57-D0A0DF7B71F6}"
EndProject
Project("{9A19103F-16F7-4668-BE54-9A1E7A4F7556}") = "Day04_1", "Day04_1\Day04_1.csproj", "{C70246E5-F8D6-4B7B-B942-7021BC8D89D4}"
EndProject
Project("{9A19103F-16F7-4668-BE54-9A1E7A4F7556}") = "Day04_2", "Day04_2\Day04_2.csproj", "{005B6126-87A8-4562-8FF3-ED589852C8F3}"
EndProject
Project("{FAE04EC0-301F-11D3-BF4B-00C04F79EFBC}") = "Day05_1", "Day05_1\Day05_1.csproj", "{4D0933F0-FE66-4242-9644-ED3DFF2D82FE}"
EndProject
Project("{FAE04EC0-301F-11D3-BF4B-00C04F79EFBC}") = "Day05_2", "Day05_2\Day05_2.csproj", "{06967C63-F89D-49FE-B931-E6CB3032213E}"
EndProject
Project("{FAE04EC0-301F-11D3-BF4B-00C04F79EFBC}") = "Day06_1", "Day06_1\Day06_1.csproj", "{5EDEE0D1-9520-49D3-90CF-38D9378DC7ED}"
EndProject
Project("{FAE04EC0-301F-11D3-BF4B-00C04F79EFBC}") = "Day06_2", "Day06_2\Day06_2.csproj", "{C1586257-B6F9-474B-9AF3-E0A106CDBB15}"
EndProject
Global
	GlobalSection(SolutionConfigurationPlatforms) = preSolution
		Debug|Any CPU = Debug|Any CPU
		Release|Any CPU = Release|Any CPU
	EndGlobalSection
	GlobalSection(ProjectConfigurationPlatforms) = postSolution
		{FB023793-7ABD-40A8-B0B0-117AB3486017}.Debug|Any CPU.ActiveCfg = Debug|Any CPU
		{FB023793-7ABD-40A8-B0B0-117AB3486017}.Debug|Any CPU.Build.0 = Debug|Any CPU
		{FB023793-7ABD-40A8-B0B0-117AB3486017}.Release|Any CPU.ActiveCfg = Release|Any CPU
		{FB023793-7ABD-40A8-B0B0-117AB3486017}.Release|Any CPU.Build.0 = Release|Any CPU
		{2EDD084E-58F6-48A4-B287-37D2BFF6C188}.Debug|Any CPU.ActiveCfg = Debug|Any CPU
		{2EDD084E-58F6-48A4-B287-37D2BFF6C188}.Debug|Any CPU.Build.0 = Debug|Any CPU
		{2EDD084E-58F6-48A4-B287-37D2BFF6C188}.Release|Any CPU.ActiveCfg = Release|Any CPU
		{2EDD084E-58F6-48A4-B287-37D2BFF6C188}.Release|Any CPU.Build.0 = Release|Any CPU
		{B114ED6D-A422-4A8E-B531-C9C1332EAE13}.Debug|Any CPU.ActiveCfg = Debug|Any CPU
		{B114ED6D-A422-4A8E-B531-C9C1332EAE13}.Debug|Any CPU.Build.0 = Debug|Any CPU
		{B114ED6D-A422-4A8E-B531-C9C1332EAE13}.Release|Any CPU.ActiveCfg = Release|Any CPU
		{B114ED6D-A422-4A8E-B531-C9C1332EAE13}.Release|Any CPU.Build.0 = Release|Any CPU
		{30559F52-35D0-4D7B-BD4C-81A211BD96FA}.Debug|Any CPU.ActiveCfg = Debug|Any CPU
		{30559F52-35D0-4D7B-BD4C-81A211BD96FA}.Debug|Any CPU.Build.0 = Debug|Any CPU
		{30559F52-35D0-4D7B-BD4C-81A211BD96FA}.Release|Any CPU.ActiveCfg = Release|Any CPU
		{30559F52-35D0-4D7B-BD4C-81A211BD96FA}.Release|Any CPU.Build.0 = Release|Any CPU
		{C15FE856-0CCB-4C62-9D5B-09E25896A677}.Debug|Any CPU.ActiveCfg = Debug|Any CPU
		{C15FE856-0CCB-4C62-9D5B-09E25896A677}.Debug|Any CPU.Build.0 = Debug|Any CPU
		{C15FE856-0CCB-4C62-9D5B-09E25896A677}.Release|Any CPU.ActiveCfg = Release|Any CPU
		{C15FE856-0CCB-4C62-9D5B-09E25896A677}.Release|Any CPU.Build.0 = Release|Any CPU
		{071B2F05-E60C-42F6-8B57-D0A0DF7B71F6}.Debug|Any CPU.ActiveCfg = Debug|Any CPU
		{071B2F05-E60C-42F6-8B57-D0A0DF7B71F6}.Debug|Any CPU.Build.0 = Debug|Any CPU
		{071B2F05-E60C-42F6-8B57-D0A0DF7B71F6}.Release|Any CPU.ActiveCfg = Release|Any CPU
		{071B2F05-E60C-42F6-8B57-D0A0DF7B71F6}.Release|Any CPU.Build.0 = Release|Any CPU
		{C70246E5-F8D6-4B7B-B942-7021BC8D89D4}.Debug|Any CPU.ActiveCfg = Debug|Any CPU
		{C70246E5-F8D6-4B7B-B942-7021BC8D89D4}.Debug|Any CPU.Build.0 = Debug|Any CPU
		{C70246E5-F8D6-4B7B-B942-7021BC8D89D4}.Release|Any CPU.ActiveCfg = Release|Any CPU
		{C70246E5-F8D6-4B7B-B942-7021BC8D89D4}.Release|Any CPU.Build.0 = Release|Any CPU
		{005B6126-87A8-4562-8FF3-ED589852C8F3}.Debug|Any CPU.ActiveCfg = Debug|Any CPU
		{005B6126-87A8-4562-8FF3-ED589852C8F3}.Debug|Any CPU.Build.0 = Debug|Any CPU
		{005B6126-87A8-4562-8FF3-ED589852C8F3}.Release|Any CPU.ActiveCfg = Release|Any CPU
		{005B6126-87A8-4562-8FF3-ED589852C8F3}.Release|Any CPU.Build.0 = Release|Any CPU
		{4D0933F0-FE66-4242-9644-ED3DFF2D82FE}.Debug|Any CPU.ActiveCfg = Debug|Any CPU
		{4D0933F0-FE66-4242-9644-ED3DFF2D82FE}.Debug|Any CPU.Build.0 = Debug|Any CPU
		{4D0933F0-FE66-4242-9644-ED3DFF2D82FE}.Release|Any CPU.ActiveCfg = Release|Any CPU
		{4D0933F0-FE66-4242-9644-ED3DFF2D82FE}.Release|Any CPU.Build.0 = Release|Any CPU
		{06967C63-F89D-49FE-B931-E6CB3032213E}.Debug|Any CPU.ActiveCfg = Debug|Any CPU
		{06967C63-F89D-49FE-B931-E6CB3032213E}.Debug|Any CPU.Build.0 = Debug|Any CPU
		{06967C63-F89D-49FE-B931-E6CB3032213E}.Release|Any CPU.ActiveCfg = Release|Any CPU
		{06967C63-F89D-49FE-B931-E6CB3032213E}.Release|Any CPU.Build.0 = Release|Any CPU
		{5EDEE0D1-9520-49D3-90CF-38D9378DC7ED}.Debug|Any CPU.ActiveCfg = Debug|Any CPU
		{5EDEE0D1-9520-49D3-90CF-38D9378DC7ED}.Debug|Any CPU.Build.0 = Debug|Any CPU
		{5EDEE0D1-9520-49D3-90CF-38D9378DC7ED}.Release|Any CPU.ActiveCfg = Release|Any CPU
		{5EDEE0D1-9520-49D3-90CF-38D9378DC7ED}.Release|Any CPU.Build.0 = Release|Any CPU
		{C1586257-B6F9-474B-9AF3-E0A106CDBB15}.Debug|Any CPU.ActiveCfg = Debug|Any CPU
		{C1586257-B6F9-474B-9AF3-E0A106CDBB15}.Debug|Any CPU.Build.0 = Debug|Any CPU
		{C1586257-B6F9-474B-9AF3-E0A106CDBB15}.Release|Any CPU.ActiveCfg = Release|Any CPU
		{C1586257-B6F9-474B-9AF3-E0A106CDBB15}.Release|Any CPU.Build.0 = Release|Any CPU
	EndGlobalSection
	GlobalSection(SolutionProperties) = preSolution
		HideSolutionNode = FALSE
	EndGlobalSection
	GlobalSection(ExtensibilityGlobals) = postSolution
		SolutionGuid = {82121B8C-E197-4796-AC19-F1704DDF3668}
	EndGlobalSection
EndGlobal
